{
  "originHash" : "37fcdb25b8945f89f1c474940dd3d17c1ce0aff8b487fa56fa6ed0732a29ad59",
  "pins" : [
    {
      "identity" : "swift-custom-dump",
      "kind" : "remoteSourceControl",
      "location" : "https://github.com/pointfreeco/swift-custom-dump",
      "state" : {
        "revision" : "a8cd6c976f335ed361dcecddb0dc39ebda51bc3e",
        "version" : "1.6.1"
      }
    },
    {
      "identity" : "xctest-dynamic-overlay",
      "kind" : "remoteSourceControl",
      "location" : "https://github.com/pointfreeco/xctest-dynamic-overlay",
      "state" : {
        "revision" : "401bf70d95bfe8db2a1dc619f9e175a85c089321",
        "version" : "1.10.1"
      }
    }
  ],
  "version" : 3
}
